
Microsoft Visual Studio Solution File, Format Version 12.00
# Visual Studio Version 17
VisualStudioVersion = 17.9.34728.123
MinimumVisualStudioVersion = 10.0.40219.1
Project("{9A19103F-16F7-4668-BE54-9A1E7A4F7556}") = "Console.Calculator", "Console.Calculator\Console.Calculator.csproj", "{3793F700-88E3-4B37-ACB7-055371E19329}"
EndProject
Project("{9A19103F-16F7-4668-BE54-9A1E7A4F7556}") = "Console.Calculator.Nunit.UnitTests", "Console.Calculator.Nunit.UnitTests\Console.Calculator.Nunit.UnitTests.csproj", "{C6A36940-B7CF-4222-89D1-50697997F6B5}"
EndProject
Project("{9A19103F-16F7-4668-BE54-9A1E7A4F7556}") = "GUI.Electron.xUnit.Gherkin.Tests", "GUI.Electron.xUnit.Gherkin.Tests\GUI.Electron.xUnit.Gherkin.Tests.csproj", "{57F8738A-69C0-456B-8D31-E6CD20B86BE6}"
EndProject
Project("{9A19103F-16F7-4668-BE54-9A1E7A4F7556}") = "Windows.Native.MSTest.Specflow.Tests", "Windows.Native.MSTest.Specflow.Tests\Windows.Native.MSTest.Specflow.Tests.csproj", "{745A29D9-C78E-4837-B181-730388F5DEA1}"
EndProject
Global
	GlobalSection(SolutionConfigurationPlatforms) = preSolution
		Debug|Any CPU = Debug|Any CPU
		Release|Any CPU = Release|Any CPU
	EndGlobalSection
	GlobalSection(ProjectConfigurationPlatforms) = postSolution
		{3793F700-88E3-4B37-ACB7-055371E19329}.Debug|Any CPU.ActiveCfg = Debug|Any CPU
		{3793F700-88E3-4B37-ACB7-055371E19329}.Debug|Any CPU.Build.0 = Debug|Any CPU
		{3793F700-88E3-4B37-ACB7-055371E19329}.Release|Any CPU.ActiveCfg = Release|Any CPU
		{3793F700-88E3-4B37-ACB7-055371E19329}.Release|Any CPU.Build.0 = Release|Any CPU
		{C6A36940-B7CF-4222-89D1-50697997F6B5}.Debug|Any CPU.ActiveCfg = Debug|Any CPU
		{C6A36940-B7CF-4222-89D1-50697997F6B5}.Debug|Any CPU.Build.0 = Debug|Any CPU
		{C6A36940-B7CF-4222-89D1-50697997F6B5}.Release|Any CPU.ActiveCfg = Release|Any CPU
		{C6A36940-B7CF-4222-89D1-50697997F6B5}.Release|Any CPU.Build.0 = Release|Any CPU
		{57F8738A-69C0-456B-8D31-E6CD20B86BE6}.Debug|Any CPU.ActiveCfg = Debug|Any CPU
		{57F8738A-69C0-456B-8D31-E6CD20B86BE6}.Debug|Any CPU.Build.0 = Debug|Any CPU
		{57F8738A-69C0-456B-8D31-E6CD20B86BE6}.Release|Any CPU.ActiveCfg = Release|Any CPU
		{57F8738A-69C0-456B-8D31-E6CD20B86BE6}.Release|Any CPU.Build.0 = Release|Any CPU
		{745A29D9-C78E-4837-B181-730388F5DEA1}.Debug|Any CPU.ActiveCfg = Debug|Any CPU
		{745A29D9-C78E-4837-B181-730388F5DEA1}.Debug|Any CPU.Build.0 = Debug|Any CPU
		{745A29D9-C78E-4837-B181-730388F5DEA1}.Release|Any CPU.ActiveCfg = Release|Any CPU
		{745A29D9-C78E-4837-B181-730388F5DEA1}.Release|Any CPU.Build.0 = Release|Any CPU
	EndGlobalSection
	GlobalSection(SolutionProperties) = preSolution
		HideSolutionNode = FALSE
	EndGlobalSection
	GlobalSection(ExtensibilityGlobals) = postSolution
		SolutionGuid = {AE644950-F71A-4D8F-8A69-6D6098C16478}
	EndGlobalSection
EndGlobal
