
Microsoft Visual Studio Solution File, Format Version 12.00
# Visual Studio Version 17
VisualStudioVersion = 17.9.34728.123
MinimumVisualStudioVersion = 10.0.40219.1
Project("{9A19103F-16F7-4668-BE54-9A1E7A4F7556}") = "Calculator", "Calculator\Calculator.csproj", "{8999388C-73BD-4E4A-9987-EC78487BDBE7}"
EndProject
Project("{9A19103F-16F7-4668-BE54-9A1E7A4F7556}") = "Calculator.Nunit.Tests", "Calculator.Nunit.Tests\Calculator.Nunit.Tests.csproj", "{F6A5E1DC-8696-4E98-8A45-2552CC39CEDD}"
EndProject
Project("{9A19103F-16F7-4668-BE54-9A1E7A4F7556}") = "Desktop.Electron.xUnit.Gherkin.Tests", "Desktop.Electron.xUnit.Gherkin.Tests\Desktop.Electron.xUnit.Gherkin.Tests.csproj", "{BA7EB944-76FF-433B-9353-1341EE16EA91}"
EndProject
Project("{9A19103F-16F7-4668-BE54-9A1E7A4F7556}") = "Windows.Native.MSTest.Specflow.Tests", "Windows.Native.MSTest.Specflow.Tests\Windows.Native.MSTest.Specflow.Tests.csproj", "{745A29D9-C78E-4837-B181-730388F5DEA1}"
EndProject
Global
	GlobalSection(SolutionConfigurationPlatforms) = preSolution
		Debug|Any CPU = Debug|Any CPU
		Release|Any CPU = Release|Any CPU
	EndGlobalSection
	GlobalSection(ProjectConfigurationPlatforms) = postSolution
		{8999388C-73BD-4E4A-9987-EC78487BDBE7}.Debug|Any CPU.ActiveCfg = Debug|Any CPU
		{8999388C-73BD-4E4A-9987-EC78487BDBE7}.Debug|Any CPU.Build.0 = Debug|Any CPU
		{8999388C-73BD-4E4A-9987-EC78487BDBE7}.Release|Any CPU.ActiveCfg = Release|Any CPU
		{8999388C-73BD-4E4A-9987-EC78487BDBE7}.Release|Any CPU.Build.0 = Release|Any CPU
		{F6A5E1DC-8696-4E98-8A45-2552CC39CEDD}.Debug|Any CPU.ActiveCfg = Debug|Any CPU
		{F6A5E1DC-8696-4E98-8A45-2552CC39CEDD}.Debug|Any CPU.Build.0 = Debug|Any CPU
		{F6A5E1DC-8696-4E98-8A45-2552CC39CEDD}.Release|Any CPU.ActiveCfg = Release|Any CPU
		{F6A5E1DC-8696-4E98-8A45-2552CC39CEDD}.Release|Any CPU.Build.0 = Release|Any CPU
		{BA7EB944-76FF-433B-9353-1341EE16EA91}.Debug|Any CPU.ActiveCfg = Debug|Any CPU
		{BA7EB944-76FF-433B-9353-1341EE16EA91}.Debug|Any CPU.Build.0 = Debug|Any CPU
		{BA7EB944-76FF-433B-9353-1341EE16EA91}.Release|Any CPU.ActiveCfg = Release|Any CPU
		{BA7EB944-76FF-433B-9353-1341EE16EA91}.Release|Any CPU.Build.0 = Release|Any CPU
		{745A29D9-C78E-4837-B181-730388F5DEA1}.Debug|Any CPU.ActiveCfg = Debug|Any CPU
		{745A29D9-C78E-4837-B181-730388F5DEA1}.Debug|Any CPU.Build.0 = Debug|Any CPU
		{745A29D9-C78E-4837-B181-730388F5DEA1}.Release|Any CPU.ActiveCfg = Release|Any CPU
		{745A29D9-C78E-4837-B181-730388F5DEA1}.Release|Any CPU.Build.0 = Release|Any CPU
	EndGlobalSection
	GlobalSection(SolutionProperties) = preSolution
		HideSolutionNode = FALSE
	EndGlobalSection
	GlobalSection(ExtensibilityGlobals) = postSolution
		SolutionGuid = {AE644950-F71A-4D8F-8A69-6D6098C16478}
	EndGlobalSection
EndGlobal
